
Microsoft Visual Studio Solution File, Format Version 12.00
# Visual Studio 2013
VisualStudioVersion = 12.0.31101.0
MinimumVisualStudioVersion = 10.0.40219.1
Project("{FAE04EC0-301F-11D3-BF4B-00C04F79EFBC}") = "Input", "Input\Input.csproj", "{CD9FD33B-32FD-415F-B1BB-49036505FA91}"
EndProject
Project("{FAE04EC0-301F-11D3-BF4B-00C04F79EFBC}") = "Common", "Common\Common.csproj", "{3FC0099C-D9CA-4549-A3B0-1A19F06CB86C}"
EndProject
Project("{FAE04EC0-301F-11D3-BF4B-00C04F79EFBC}") = "Common.Tests", "Common.Tests\Common.Tests.csproj", "{DCB1A7BA-E6EC-4916-A63D-5B9C0207E31C}"
EndProject
Project("{FAE04EC0-301F-11D3-BF4B-00C04F79EFBC}") = "Input.Tests", "Input.Tests\Input.Tests.csproj", "{DE0901F9-4060-4033-9E96-96D72E92273C}"
EndProject
Project("{FAE04EC0-301F-11D3-BF4B-00C04F79EFBC}") = "Output.Inlines", "Output.Inlines\Output.Inlines.csproj", "{79DAFBB8-70B2-4FE8-9679-84C742005EBC}"
EndProject
Project("{FAE04EC0-301F-11D3-BF4B-00C04F79EFBC}") = "Output.Inlines.TestApp", "Output.Inlines.TestApp\Output.Inlines.TestApp.csproj", "{F1CFBFA6-D412-43C0-B03A-A73E2C54567D}"
EndProject
Project("{FAE04EC0-301F-11D3-BF4B-00C04F79EFBC}") = "Output.Inlines.Controls", "Output.Inlines.Controls\Output.Inlines.Controls.csproj", "{F0E4B807-6390-42F7-8B60-C3F0A9A63FD6}"
EndProject
Project("{FAE04EC0-301F-11D3-BF4B-00C04F79EFBC}") = "Output.Inlines.Sample", "Output.Inlines.Sample\Output.Inlines.Sample.csproj", "{CB5CA03D-3287-4A74-B7C5-C474FCB3D785}"
EndProject
Project("{2150E333-8FDC-42A3-9474-1A3956D46DE8}") = "Solution Items", "Solution Items", "{BCE6F3AF-2D2D-4704-8B12-6569CF70522B}"
	ProjectSection(SolutionItems) = preProject
		README.md = README.md
	EndProjectSection
EndProject
Global
	GlobalSection(SolutionConfigurationPlatforms) = preSolution
		Debug|Any CPU = Debug|Any CPU
		Release|Any CPU = Release|Any CPU
	EndGlobalSection
	GlobalSection(ProjectConfigurationPlatforms) = postSolution
		{CD9FD33B-32FD-415F-B1BB-49036505FA91}.Debug|Any CPU.ActiveCfg = Debug|Any CPU
		{CD9FD33B-32FD-415F-B1BB-49036505FA91}.Debug|Any CPU.Build.0 = Debug|Any CPU
		{CD9FD33B-32FD-415F-B1BB-49036505FA91}.Release|Any CPU.ActiveCfg = Release|Any CPU
		{CD9FD33B-32FD-415F-B1BB-49036505FA91}.Release|Any CPU.Build.0 = Release|Any CPU
		{3FC0099C-D9CA-4549-A3B0-1A19F06CB86C}.Debug|Any CPU.ActiveCfg = Debug|Any CPU
		{3FC0099C-D9CA-4549-A3B0-1A19F06CB86C}.Debug|Any CPU.Build.0 = Debug|Any CPU
		{3FC0099C-D9CA-4549-A3B0-1A19F06CB86C}.Release|Any CPU.ActiveCfg = Release|Any CPU
		{3FC0099C-D9CA-4549-A3B0-1A19F06CB86C}.Release|Any CPU.Build.0 = Release|Any CPU
		{DCB1A7BA-E6EC-4916-A63D-5B9C0207E31C}.Debug|Any CPU.ActiveCfg = Debug|Any CPU
		{DCB1A7BA-E6EC-4916-A63D-5B9C0207E31C}.Debug|Any CPU.Build.0 = Debug|Any CPU
		{DCB1A7BA-E6EC-4916-A63D-5B9C0207E31C}.Release|Any CPU.ActiveCfg = Release|Any CPU
		{DCB1A7BA-E6EC-4916-A63D-5B9C0207E31C}.Release|Any CPU.Build.0 = Release|Any CPU
		{DE0901F9-4060-4033-9E96-96D72E92273C}.Debug|Any CPU.ActiveCfg = Debug|Any CPU
		{DE0901F9-4060-4033-9E96-96D72E92273C}.Debug|Any CPU.Build.0 = Debug|Any CPU
		{DE0901F9-4060-4033-9E96-96D72E92273C}.Release|Any CPU.ActiveCfg = Release|Any CPU
		{DE0901F9-4060-4033-9E96-96D72E92273C}.Release|Any CPU.Build.0 = Release|Any CPU
		{79DAFBB8-70B2-4FE8-9679-84C742005EBC}.Debug|Any CPU.ActiveCfg = Debug|Any CPU
		{79DAFBB8-70B2-4FE8-9679-84C742005EBC}.Debug|Any CPU.Build.0 = Debug|Any CPU
		{79DAFBB8-70B2-4FE8-9679-84C742005EBC}.Release|Any CPU.ActiveCfg = Release|Any CPU
		{79DAFBB8-70B2-4FE8-9679-84C742005EBC}.Release|Any CPU.Build.0 = Release|Any CPU
		{F1CFBFA6-D412-43C0-B03A-A73E2C54567D}.Debug|Any CPU.ActiveCfg = Debug|Any CPU
		{F1CFBFA6-D412-43C0-B03A-A73E2C54567D}.Debug|Any CPU.Build.0 = Debug|Any CPU
		{F1CFBFA6-D412-43C0-B03A-A73E2C54567D}.Release|Any CPU.ActiveCfg = Release|Any CPU
		{F1CFBFA6-D412-43C0-B03A-A73E2C54567D}.Release|Any CPU.Build.0 = Release|Any CPU
		{F0E4B807-6390-42F7-8B60-C3F0A9A63FD6}.Debug|Any CPU.ActiveCfg = Debug|Any CPU
		{F0E4B807-6390-42F7-8B60-C3F0A9A63FD6}.Debug|Any CPU.Build.0 = Debug|Any CPU
		{F0E4B807-6390-42F7-8B60-C3F0A9A63FD6}.Release|Any CPU.ActiveCfg = Release|Any CPU
		{F0E4B807-6390-42F7-8B60-C3F0A9A63FD6}.Release|Any CPU.Build.0 = Release|Any CPU
		{CB5CA03D-3287-4A74-B7C5-C474FCB3D785}.Debug|Any CPU.ActiveCfg = Debug|Any CPU
		{CB5CA03D-3287-4A74-B7C5-C474FCB3D785}.Debug|Any CPU.Build.0 = Debug|Any CPU
		{CB5CA03D-3287-4A74-B7C5-C474FCB3D785}.Release|Any CPU.ActiveCfg = Release|Any CPU
		{CB5CA03D-3287-4A74-B7C5-C474FCB3D785}.Release|Any CPU.Build.0 = Release|Any CPU
	EndGlobalSection
	GlobalSection(SolutionProperties) = preSolution
		HideSolutionNode = FALSE
	EndGlobalSection
EndGlobal
